
Microsoft Visual Studio Solution File, Format Version 12.00
# Visual Studio Version 17
VisualStudioVersion = 17.2.32526.322
MinimumVisualStudioVersion = 10.0.40219.1
Project("{FAE04EC0-301F-11D3-BF4B-00C04F79EFBC}") = "MariaTask", "MariaTask\MariaTask.csproj", "{1F483F17-95BB-476F-A3D4-80597F56D7E7}"
EndProject
Project("{FAE04EC0-301F-11D3-BF4B-00C04F79EFBC}") = "MariaTask.Tests", "MariaTask.Tests\MariaTask.Tests.csproj", "{CEEBC63E-A2B6-487F-8D24-5A711D1119F4}"
EndProject
Global
	GlobalSection(SolutionConfigurationPlatforms) = preSolution
		Debug|Any CPU = Debug|Any CPU
		Release|Any CPU = Release|Any CPU
	EndGlobalSection
	GlobalSection(ProjectConfigurationPlatforms) = postSolution
		{1F483F17-95BB-476F-A3D4-80597F56D7E7}.Debug|Any CPU.ActiveCfg = Debug|Any CPU
		{1F483F17-95BB-476F-A3D4-80597F56D7E7}.Debug|Any CPU.Build.0 = Debug|Any CPU
		{1F483F17-95BB-476F-A3D4-80597F56D7E7}.Release|Any CPU.ActiveCfg = Release|Any CPU
		{1F483F17-95BB-476F-A3D4-80597F56D7E7}.Release|Any CPU.Build.0 = Release|Any CPU
		{CEEBC63E-A2B6-487F-8D24-5A711D1119F4}.Debug|Any CPU.ActiveCfg = Debug|Any CPU
		{CEEBC63E-A2B6-487F-8D24-5A711D1119F4}.Debug|Any CPU.Build.0 = Debug|Any CPU
		{CEEBC63E-A2B6-487F-8D24-5A711D1119F4}.Release|Any CPU.ActiveCfg = Release|Any CPU
		{CEEBC63E-A2B6-487F-8D24-5A711D1119F4}.Release|Any CPU.Build.0 = Release|Any CPU
	EndGlobalSection
	GlobalSection(SolutionProperties) = preSolution
		HideSolutionNode = FALSE
	EndGlobalSection
	GlobalSection(ExtensibilityGlobals) = postSolution
		SolutionGuid = {4E7ABF1B-570C-42C6-8997-0DF74BC96972}
	EndGlobalSection
EndGlobal
